// !$*UTF8*$!
{
	archiveVersion = 1;
	classes = {
	};
	objectVersion = 46;
	objects = {

/* Begin PBXBuildFile section */
		8596329BCF8D95023C727DAA /* Pods_PeopleMon.framework in Frameworks */ = {isa = PBXBuildFile; fileRef = FD096E94CBBB9CB1C8FA6335 /* Pods_PeopleMon.framework */; };
		C7178AD41DD0C5B7000B6BDF /* AppDelegate.swift in Sources */ = {isa = PBXBuildFile; fileRef = C7178AD31DD0C5B7000B6BDF /* AppDelegate.swift */; };
		C7178AD61DD0C5B7000B6BDF /* ViewController.swift in Sources */ = {isa = PBXBuildFile; fileRef = C7178AD51DD0C5B7000B6BDF /* ViewController.swift */; };
		C7178AD91DD0C5B7000B6BDF /* Main.storyboard in Resources */ = {isa = PBXBuildFile; fileRef = C7178AD71DD0C5B7000B6BDF /* Main.storyboard */; };
		C7178ADB1DD0C5B7000B6BDF /* Assets.xcassets in Resources */ = {isa = PBXBuildFile; fileRef = C7178ADA1DD0C5B7000B6BDF /* Assets.xcassets */; };
		C7178ADE1DD0C5B7000B6BDF /* LaunchScreen.storyboard in Resources */ = {isa = PBXBuildFile; fileRef = C7178ADC1DD0C5B7000B6BDF /* LaunchScreen.storyboard */; };
		C7178AEA1DD0CD10000B6BDF /* NetworkModel.swift in Sources */ = {isa = PBXBuildFile; fileRef = C7178AE91DD0CD10000B6BDF /* NetworkModel.swift */; };
		C7178AEC1DD0CD50000B6BDF /* WebServices.swift in Sources */ = {isa = PBXBuildFile; fileRef = C7178AEB1DD0CD50000B6BDF /* WebServices.swift */; };
		C7178AEE1DD0CD8C000B6BDF /* WebServicesExtension.swift in Sources */ = {isa = PBXBuildFile; fileRef = C7178AED1DD0CD8C000B6BDF /* WebServicesExtension.swift */; };
		C7178AF11DD0CEAA000B6BDF /* Constants.swift in Sources */ = {isa = PBXBuildFile; fileRef = C7178AF01DD0CEAA000B6BDF /* Constants.swift */; };
		C7178AF31DD0CF93000B6BDF /* UserStore.swift in Sources */ = {isa = PBXBuildFile; fileRef = C7178AF21DD0CF93000B6BDF /* UserStore.swift */; };
		C7178AF61DD0D025000B6BDF /* User.swift in Sources */ = {isa = PBXBuildFile; fileRef = C7178AF51DD0D025000B6BDF /* User.swift */; };
/* End PBXBuildFile section */

/* Begin PBXFileReference section */
		A50D5B892124AB1696949962 /* Pods-PeopleMon.release.xcconfig */ = {isa = PBXFileReference; includeInIndex = 1; lastKnownFileType = text.xcconfig; name = "Pods-PeopleMon.release.xcconfig"; path = "Pods/Target Support Files/Pods-PeopleMon/Pods-PeopleMon.release.xcconfig"; sourceTree = "<group>"; };
		AD6E59B9FD8AA7C561EF54DE /* Pods-PeopleMon.debug.xcconfig */ = {isa = PBXFileReference; includeInIndex = 1; lastKnownFileType = text.xcconfig; name = "Pods-PeopleMon.debug.xcconfig"; path = "Pods/Target Support Files/Pods-PeopleMon/Pods-PeopleMon.debug.xcconfig"; sourceTree = "<group>"; };
		C7178AD01DD0C5B7000B6BDF /* PeopleMon.app */ = {isa = PBXFileReference; explicitFileType = wrapper.application; includeInIndex = 0; path = PeopleMon.app; sourceTree = BUILT_PRODUCTS_DIR; };
		C7178AD31DD0C5B7000B6BDF /* AppDelegate.swift */ = {isa = PBXFileReference; lastKnownFileType = sourcecode.swift; path = AppDelegate.swift; sourceTree = "<group>"; };
		C7178AD51DD0C5B7000B6BDF /* ViewController.swift */ = {isa = PBXFileReference; lastKnownFileType = sourcecode.swift; path = ViewController.swift; sourceTree = "<group>"; };
		C7178AD81DD0C5B7000B6BDF /* Base */ = {isa = PBXFileReference; lastKnownFileType = file.storyboard; name = Base; path = Base.lproj/Main.storyboard; sourceTree = "<group>"; };
		C7178ADA1DD0C5B7000B6BDF /* Assets.xcassets */ = {isa = PBXFileReference; lastKnownFileType = folder.assetcatalog; path = Assets.xcassets; sourceTree = "<group>"; };
		C7178ADD1DD0C5B7000B6BDF /* Base */ = {isa = PBXFileReference; lastKnownFileType = file.storyboard; name = Base; path = Base.lproj/LaunchScreen.storyboard; sourceTree = "<group>"; };
		C7178ADF1DD0C5B7000B6BDF /* Info.plist */ = {isa = PBXFileReference; lastKnownFileType = text.plist.xml; path = Info.plist; sourceTree = "<group>"; };
		C7178AE91DD0CD10000B6BDF /* NetworkModel.swift */ = {isa = PBXFileReference; fileEncoding = 4; lastKnownFileType = sourcecode.swift; name = NetworkModel.swift; path = Networking/NetworkModel.swift; sourceTree = "<group>"; };
		C7178AEB1DD0CD50000B6BDF /* WebServices.swift */ = {isa = PBXFileReference; fileEncoding = 4; lastKnownFileType = sourcecode.swift; name = WebServices.swift; path = Networking/WebServices.swift; sourceTree = "<group>"; };
		C7178AED1DD0CD8C000B6BDF /* WebServicesExtension.swift */ = {isa = PBXFileReference; fileEncoding = 4; lastKnownFileType = sourcecode.swift; name = WebServicesExtension.swift; path = Networking/WebServicesExtension.swift; sourceTree = "<group>"; };
		C7178AF01DD0CEAA000B6BDF /* Constants.swift */ = {isa = PBXFileReference; fileEncoding = 4; lastKnownFileType = sourcecode.swift; name = Constants.swift; path = Components/Constants.swift; sourceTree = "<group>"; };
		C7178AF21DD0CF93000B6BDF /* UserStore.swift */ = {isa = PBXFileReference; fileEncoding = 4; lastKnownFileType = sourcecode.swift; name = UserStore.swift; path = Components/UserStore.swift; sourceTree = "<group>"; };
		C7178AF51DD0D025000B6BDF /* User.swift */ = {isa = PBXFileReference; fileEncoding = 4; lastKnownFileType = sourcecode.swift; name = User.swift; path = Model/User.swift; sourceTree = "<group>"; };
		FD096E94CBBB9CB1C8FA6335 /* Pods_PeopleMon.framework */ = {isa = PBXFileReference; explicitFileType = wrapper.framework; includeInIndex = 0; path = Pods_PeopleMon.framework; sourceTree = BUILT_PRODUCTS_DIR; };
/* End PBXFileReference section */

/* Begin PBXFrameworksBuildPhase section */
		C7178ACD1DD0C5B7000B6BDF /* Frameworks */ = {
			isa = PBXFrameworksBuildPhase;
			buildActionMask = 2147483647;
			files = (
				8596329BCF8D95023C727DAA /* Pods_PeopleMon.framework in Frameworks */,
			);
			runOnlyForDeploymentPostprocessing = 0;
		};
/* End PBXFrameworksBuildPhase section */

/* Begin PBXGroup section */
		614A26C67AAF8D6F6C4F1092 /* Frameworks */ = {
			isa = PBXGroup;
			children = (
				FD096E94CBBB9CB1C8FA6335 /* Pods_PeopleMon.framework */,
			);
			name = Frameworks;
			sourceTree = "<group>";
		};
		AEC7189A4A70E592230A3947 /* Pods */ = {
			isa = PBXGroup;
			children = (
				AD6E59B9FD8AA7C561EF54DE /* Pods-PeopleMon.debug.xcconfig */,
				A50D5B892124AB1696949962 /* Pods-PeopleMon.release.xcconfig */,
			);
			name = Pods;
			sourceTree = "<group>";
		};
		C7178AC71DD0C5B7000B6BDF = {
			isa = PBXGroup;
			children = (
				C7178AD21DD0C5B7000B6BDF /* PeopleMon */,
				C7178AD11DD0C5B7000B6BDF /* Products */,
				AEC7189A4A70E592230A3947 /* Pods */,
				614A26C67AAF8D6F6C4F1092 /* Frameworks */,
			);
			sourceTree = "<group>";
		};
		C7178AD11DD0C5B7000B6BDF /* Products */ = {
			isa = PBXGroup;
			children = (
				C7178AD01DD0C5B7000B6BDF /* PeopleMon.app */,
			);
			name = Products;
			sourceTree = "<group>";
		};
		C7178AD21DD0C5B7000B6BDF /* PeopleMon */ = {
			isa = PBXGroup;
			children = (
				C7178AF41DD0D00C000B6BDF /* Model */,
				C7178AEF1DD0CE87000B6BDF /* Components */,
				C7178AE81DD0CCEA000B6BDF /* Networking */,
				C7178AD31DD0C5B7000B6BDF /* AppDelegate.swift */,
				C7178AD51DD0C5B7000B6BDF /* ViewController.swift */,
				C7178AD71DD0C5B7000B6BDF /* Main.storyboard */,
				C7178ADA1DD0C5B7000B6BDF /* Assets.xcassets */,
				C7178ADC1DD0C5B7000B6BDF /* LaunchScreen.storyboard */,
				C7178ADF1DD0C5B7000B6BDF /* Info.plist */,
			);
			path = PeopleMon;
			sourceTree = "<group>";
		};
		C7178AE81DD0CCEA000B6BDF /* Networking */ = {
			isa = PBXGroup;
			children = (
				C7178AE91DD0CD10000B6BDF /* NetworkModel.swift */,
				C7178AEB1DD0CD50000B6BDF /* WebServices.swift */,
				C7178AED1DD0CD8C000B6BDF /* WebServicesExtension.swift */,
			);
			name = Networking;
			sourceTree = "<group>";
		};
		C7178AEF1DD0CE87000B6BDF /* Components */ = {
			isa = PBXGroup;
			children = (
				C7178AF01DD0CEAA000B6BDF /* Constants.swift */,
				C7178AF21DD0CF93000B6BDF /* UserStore.swift */,
			);
			name = Components;
			sourceTree = "<group>";
		};
		C7178AF41DD0D00C000B6BDF /* Model */ = {
			isa = PBXGroup;
			children = (
				C7178AF51DD0D025000B6BDF /* User.swift */,
			);
			name = Model;
			sourceTree = "<group>";
		};
/* End PBXGroup section */

/* Begin PBXNativeTarget section */
		C7178ACF1DD0C5B7000B6BDF /* PeopleMon */ = {
			isa = PBXNativeTarget;
			buildConfigurationList = C7178AE21DD0C5B7000B6BDF /* Build configuration list for PBXNativeTarget "PeopleMon" */;
			buildPhases = (
				38D7B614B5DA752241C9D53E /* [CP] Check Pods Manifest.lock */,
				C7178ACC1DD0C5B7000B6BDF /* Sources */,
				C7178ACD1DD0C5B7000B6BDF /* Frameworks */,
				C7178ACE1DD0C5B7000B6BDF /* Resources */,
				29AB75096DBCEB59ACCB21BE /* [CP] Embed Pods Frameworks */,
				42231BF8AD876318F03D9F86 /* [CP] Copy Pods Resources */,
			);
			buildRules = (
			);
			dependencies = (
			);
			name = PeopleMon;
			productName = PeopleMon;
			productReference = C7178AD01DD0C5B7000B6BDF /* PeopleMon.app */;
			productType = "com.apple.product-type.application";
		};
/* End PBXNativeTarget section */

/* Begin PBXProject section */
		C7178AC81DD0C5B7000B6BDF /* Project object */ = {
			isa = PBXProject;
			attributes = {
				LastSwiftUpdateCheck = 0810;
				LastUpgradeCheck = 0810;
				ORGANIZATIONNAME = "Ben Larrabee";
				TargetAttributes = {
					C7178ACF1DD0C5B7000B6BDF = {
						CreatedOnToolsVersion = 8.1;
						DevelopmentTeam = ZNYDH23S9S;
						ProvisioningStyle = Automatic;
					};
				};
			};
			buildConfigurationList = C7178ACB1DD0C5B7000B6BDF /* Build configuration list for PBXProject "PeopleMon" */;
			compatibilityVersion = "Xcode 3.2";
			developmentRegion = English;
			hasScannedForEncodings = 0;
			knownRegions = (
				en,
				Base,
			);
			mainGroup = C7178AC71DD0C5B7000B6BDF;
			productRefGroup = C7178AD11DD0C5B7000B6BDF /* Products */;
			projectDirPath = "";
			projectRoot = "";
			targets = (
				C7178ACF1DD0C5B7000B6BDF /* PeopleMon */,
			);
		};
/* End PBXProject section */

/* Begin PBXResourcesBuildPhase section */
		C7178ACE1DD0C5B7000B6BDF /* Resources */ = {
			isa = PBXResourcesBuildPhase;
			buildActionMask = 2147483647;
			files = (
				C7178ADE1DD0C5B7000B6BDF /* LaunchScreen.storyboard in Resources */,
				C7178ADB1DD0C5B7000B6BDF /* Assets.xcassets in Resources */,
				C7178AD91DD0C5B7000B6BDF /* Main.storyboard in Resources */,
			);
			runOnlyForDeploymentPostprocessing = 0;
		};
/* End PBXResourcesBuildPhase section */

/* Begin PBXShellScriptBuildPhase section */
		29AB75096DBCEB59ACCB21BE /* [CP] Embed Pods Frameworks */ = {
			isa = PBXShellScriptBuildPhase;
			buildActionMask = 2147483647;
			files = (
			);
			inputPaths = (
			);
			name = "[CP] Embed Pods Frameworks";
			outputPaths = (
			);
			runOnlyForDeploymentPostprocessing = 0;
			shellPath = /bin/sh;
			shellScript = "\"${SRCROOT}/Pods/Target Support Files/Pods-PeopleMon/Pods-PeopleMon-frameworks.sh\"\n";
			showEnvVarsInLog = 0;
		};
		38D7B614B5DA752241C9D53E /* [CP] Check Pods Manifest.lock */ = {
			isa = PBXShellScriptBuildPhase;
			buildActionMask = 2147483647;
			files = (
			);
			inputPaths = (
			);
			name = "[CP] Check Pods Manifest.lock";
			outputPaths = (
			);
			runOnlyForDeploymentPostprocessing = 0;
			shellPath = /bin/sh;
			shellScript = "diff \"${PODS_ROOT}/../Podfile.lock\" \"${PODS_ROOT}/Manifest.lock\" > /dev/null\nif [ $? != 0 ] ; then\n    # print error to STDERR\n    echo \"error: The sandbox is not in sync with the Podfile.lock. Run 'pod install' or update your CocoaPods installation.\" >&2\n    exit 1\nfi\n";
			showEnvVarsInLog = 0;
		};
		42231BF8AD876318F03D9F86 /* [CP] Copy Pods Resources */ = {
			isa = PBXShellScriptBuildPhase;
			buildActionMask = 2147483647;
			files = (
			);
			inputPaths = (
			);
			name = "[CP] Copy Pods Resources";
			outputPaths = (
			);
			runOnlyForDeploymentPostprocessing = 0;
			shellPath = /bin/sh;
			shellScript = "\"${SRCROOT}/Pods/Target Support Files/Pods-PeopleMon/Pods-PeopleMon-resources.sh\"\n";
			showEnvVarsInLog = 0;
		};
/* End PBXShellScriptBuildPhase section */

/* Begin PBXSourcesBuildPhase section */
		C7178ACC1DD0C5B7000B6BDF /* Sources */ = {
			isa = PBXSourcesBuildPhase;
			buildActionMask = 2147483647;
			files = (
				C7178AEA1DD0CD10000B6BDF /* NetworkModel.swift in Sources */,
				C7178AF31DD0CF93000B6BDF /* UserStore.swift in Sources */,
				C7178AD61DD0C5B7000B6BDF /* ViewController.swift in Sources */,
				C7178AEC1DD0CD50000B6BDF /* WebServices.swift in Sources */,
				C7178AF61DD0D025000B6BDF /* User.swift in Sources */,
				C7178AEE1DD0CD8C000B6BDF /* WebServicesExtension.swift in Sources */,
				C7178AD41DD0C5B7000B6BDF /* AppDelegate.swift in Sources */,
				C7178AF11DD0CEAA000B6BDF /* Constants.swift in Sources */,
			);
			runOnlyForDeploymentPostprocessing = 0;
		};
/* End PBXSourcesBuildPhase section */

/* Begin PBXVariantGroup section */
		C7178AD71DD0C5B7000B6BDF /* Main.storyboard */ = {
			isa = PBXVariantGroup;
			children = (
				C7178AD81DD0C5B7000B6BDF /* Base */,
			);
			name = Main.storyboard;
			sourceTree = "<group>";
		};
		C7178ADC1DD0C5B7000B6BDF /* LaunchScreen.storyboard */ = {
			isa = PBXVariantGroup;
			children = (
				C7178ADD1DD0C5B7000B6BDF /* Base */,
			);
			name = LaunchScreen.storyboard;
			sourceTree = "<group>";
		};
/* End PBXVariantGroup section */

/* Begin XCBuildConfiguration section */
		C7178AE01DD0C5B7000B6BDF /* Debug */ = {
			isa = XCBuildConfiguration;
			buildSettings = {
				ALWAYS_SEARCH_USER_PATHS = NO;
				CLANG_ANALYZER_NONNULL = YES;
				CLANG_CXX_LANGUAGE_STANDARD = "gnu++0x";
				CLANG_CXX_LIBRARY = "libc++";
				CLANG_ENABLE_MODULES = YES;
				CLANG_ENABLE_OBJC_ARC = YES;
				CLANG_WARN_BOOL_CONVERSION = YES;
				CLANG_WARN_CONSTANT_CONVERSION = YES;
				CLANG_WARN_DIRECT_OBJC_ISA_USAGE = YES_ERROR;
				CLANG_WARN_DOCUMENTATION_COMMENTS = YES;
				CLANG_WARN_EMPTY_BODY = YES;
				CLANG_WARN_ENUM_CONVERSION = YES;
				CLANG_WARN_INFINITE_RECURSION = YES;
				CLANG_WARN_INT_CONVERSION = YES;
				CLANG_WARN_OBJC_ROOT_CLASS = YES_ERROR;
				CLANG_WARN_SUSPICIOUS_MOVE = YES;
				CLANG_WARN_SUSPICIOUS_MOVES = YES;
				CLANG_WARN_UNREACHABLE_CODE = YES;
				CLANG_WARN__DUPLICATE_METHOD_MATCH = YES;
				"CODE_SIGN_IDENTITY[sdk=iphoneos*]" = "iPhone Developer";
				COPY_PHASE_STRIP = NO;
				DEBUG_INFORMATION_FORMAT = dwarf;
				ENABLE_STRICT_OBJC_MSGSEND = YES;
				ENABLE_TESTABILITY = YES;
				GCC_C_LANGUAGE_STANDARD = gnu99;
				GCC_DYNAMIC_NO_PIC = NO;
				GCC_NO_COMMON_BLOCKS = YES;
				GCC_OPTIMIZATION_LEVEL = 0;
				GCC_PREPROCESSOR_DEFINITIONS = (
					"DEBUG=1",
					"$(inherited)",
				);
				GCC_WARN_64_TO_32_BIT_CONVERSION = YES;
				GCC_WARN_ABOUT_RETURN_TYPE = YES_ERROR;
				GCC_WARN_UNDECLARED_SELECTOR = YES;
				GCC_WARN_UNINITIALIZED_AUTOS = YES_AGGRESSIVE;
				GCC_WARN_UNUSED_FUNCTION = YES;
				GCC_WARN_UNUSED_VARIABLE = YES;
				IPHONEOS_DEPLOYMENT_TARGET = 10.1;
				MTL_ENABLE_DEBUG_INFO = YES;
				ONLY_ACTIVE_ARCH = YES;
				SDKROOT = iphoneos;
				SWIFT_ACTIVE_COMPILATION_CONDITIONS = DEBUG;
				SWIFT_OPTIMIZATION_LEVEL = "-Onone";
			};
			name = Debug;
		};
		C7178AE11DD0C5B7000B6BDF /* Release */ = {
			isa = XCBuildConfiguration;
			buildSettings = {
				ALWAYS_SEARCH_USER_PATHS = NO;
				CLANG_ANALYZER_NONNULL = YES;
				CLANG_CXX_LANGUAGE_STANDARD = "gnu++0x";
				CLANG_CXX_LIBRARY = "libc++";
				CLANG_ENABLE_MODULES = YES;
				CLANG_ENABLE_OBJC_ARC = YES;
				CLANG_WARN_BOOL_CONVERSION = YES;
				CLANG_WARN_CONSTANT_CONVERSION = YES;
				CLANG_WARN_DIRECT_OBJC_ISA_USAGE = YES_ERROR;
				CLANG_WARN_DOCUMENTATION_COMMENTS = YES;
				CLANG_WARN_EMPTY_BODY = YES;
				CLANG_WARN_ENUM_CONVERSION = YES;
				CLANG_WARN_INFINITE_RECURSION = YES;
				CLANG_WARN_INT_CONVERSION = YES;
				CLANG_WARN_OBJC_ROOT_CLASS = YES_ERROR;
				CLANG_WARN_SUSPICIOUS_MOVE = YES;
				CLANG_WARN_SUSPICIOUS_MOVES = YES;
				CLANG_WARN_UNREACHABLE_CODE = YES;
				CLANG_WARN__DUPLICATE_METHOD_MATCH = YES;
				"CODE_SIGN_IDENTITY[sdk=iphoneos*]" = "iPhone Developer";
				COPY_PHASE_STRIP = NO;
				DEBUG_INFORMATION_FORMAT = "dwarf-with-dsym";
				ENABLE_NS_ASSERTIONS = NO;
				ENABLE_STRICT_OBJC_MSGSEND = YES;
				GCC_C_LANGUAGE_STANDARD = gnu99;
				GCC_NO_COMMON_BLOCKS = YES;
				GCC_WARN_64_TO_32_BIT_CONVERSION = YES;
				GCC_WARN_ABOUT_RETURN_TYPE = YES_ERROR;
				GCC_WARN_UNDECLARED_SELECTOR = YES;
				GCC_WARN_UNINITIALIZED_AUTOS = YES_AGGRESSIVE;
				GCC_WARN_UNUSED_FUNCTION = YES;
				GCC_WARN_UNUSED_VARIABLE = YES;
				IPHONEOS_DEPLOYMENT_TARGET = 10.1;
				MTL_ENABLE_DEBUG_INFO = NO;
				SDKROOT = iphoneos;
				SWIFT_OPTIMIZATION_LEVEL = "-Owholemodule";
				VALIDATE_PRODUCT = YES;
			};
			name = Release;
		};
		C7178AE31DD0C5B7000B6BDF /* Debug */ = {
			isa = XCBuildConfiguration;
			baseConfigurationReference = AD6E59B9FD8AA7C561EF54DE /* Pods-PeopleMon.debug.xcconfig */;
			buildSettings = {
				ALWAYS_EMBED_SWIFT_STANDARD_LIBRARIES = YES;
				ASSETCATALOG_COMPILER_APPICON_NAME = AppIcon;
				DEVELOPMENT_TEAM = ZNYDH23S9S;
				INFOPLIST_FILE = PeopleMon/Info.plist;
				LD_RUNPATH_SEARCH_PATHS = "$(inherited) @executable_path/Frameworks";
				PRODUCT_BUNDLE_IDENTIFIER = com.interapt.PeopleMon;
				PRODUCT_NAME = "$(TARGET_NAME)";
				SWIFT_VERSION = 3.0;
			};
			name = Debug;
		};
		C7178AE41DD0C5B7000B6BDF /* Release */ = {
			isa = XCBuildConfiguration;
			baseConfigurationReference = A50D5B892124AB1696949962 /* Pods-PeopleMon.release.xcconfig */;
			buildSettings = {
				ALWAYS_EMBED_SWIFT_STANDARD_LIBRARIES = YES;
				ASSETCATALOG_COMPILER_APPICON_NAME = AppIcon;
				DEVELOPMENT_TEAM = ZNYDH23S9S;
				INFOPLIST_FILE = PeopleMon/Info.plist;
				LD_RUNPATH_SEARCH_PATHS = "$(inherited) @executable_path/Frameworks";
				PRODUCT_BUNDLE_IDENTIFIER = com.interapt.PeopleMon;
				PRODUCT_NAME = "$(TARGET_NAME)";
				SWIFT_VERSION = 3.0;
			};
			name = Release;
		};
/* End XCBuildConfiguration section */

/* Begin XCConfigurationList section */
		C7178ACB1DD0C5B7000B6BDF /* Build configuration list for PBXProject "PeopleMon" */ = {
			isa = XCConfigurationList;
			buildConfigurations = (
				C7178AE01DD0C5B7000B6BDF /* Debug */,
				C7178AE11DD0C5B7000B6BDF /* Release */,
			);
			defaultConfigurationIsVisible = 0;
			defaultConfigurationName = Release;
		};
		C7178AE21DD0C5B7000B6BDF /* Build configuration list for PBXNativeTarget "PeopleMon" */ = {
			isa = XCConfigurationList;
			buildConfigurations = (
				C7178AE31DD0C5B7000B6BDF /* Debug */,
				C7178AE41DD0C5B7000B6BDF /* Release */,
			);
			defaultConfigurationIsVisible = 0;
			defaultConfigurationName = Release;
		};
/* End XCConfigurationList section */
	};
	rootObject = C7178AC81DD0C5B7000B6BDF /* Project object */;
}
